// !$*UTF8*$!
{
	archiveVersion = 1;
	classes = {
	};
	objectVersion = 56;
	objects = {

/* Begin PBXBuildFile section */
		C538E4A62C862DF700946051 /* CollectionCellTwo.swift in Sources */ = {isa = PBXBuildFile; fileRef = C538E4A52C862DF700946051 /* CollectionCellTwo.swift */; };
		C538E4AA2C86317300946051 /* CollectionCellThree.swift in Sources */ = {isa = PBXBuildFile; fileRef = C538E4A92C86317300946051 /* CollectionCellThree.swift */; };
		C538E4AD2C8634AB00946051 /* SupportTableCell.swift in Sources */ = {isa = PBXBuildFile; fileRef = C538E4AC2C8634AB00946051 /* SupportTableCell.swift */; };
		C5943EAE2C82EC8100B3E7C8 /* BuyingCellOne.swift in Sources */ = {isa = PBXBuildFile; fileRef = C5943EAD2C82EC8100B3E7C8 /* BuyingCellOne.swift */; };
		C5943EB02C82EC9200B3E7C8 /* BuyingCellTwo.swift in Sources */ = {isa = PBXBuildFile; fileRef = C5943EAF2C82EC9200B3E7C8 /* BuyingCellTwo.swift */; };
		C5943EB22C82ECA000B3E7C8 /* BuyingCellThree.swift in Sources */ = {isa = PBXBuildFile; fileRef = C5943EB12C82ECA000B3E7C8 /* BuyingCellThree.swift */; };
		C5C68DFF2C7A0EF300C90154 /* Functions for UI.swift in Sources */ = {isa = PBXBuildFile; fileRef = C5C68DFE2C7A0EF300C90154 /* Functions for UI.swift */; };
		C5C756012C7A2A9000E7E701 /* ForgetPasswordPage.swift in Sources */ = {isa = PBXBuildFile; fileRef = C5C756002C7A2A9000E7E701 /* ForgetPasswordPage.swift */; };
		C5C756032C7A2AA800E7E701 /* SignupPage.swift in Sources */ = {isa = PBXBuildFile; fileRef = C5C756022C7A2AA800E7E701 /* SignupPage.swift */; };
		C5C756072C7A667C00E7E701 /* UserInfoModel.swift in Sources */ = {isa = PBXBuildFile; fileRef = C5C756062C7A667C00E7E701 /* UserInfoModel.swift */; };
		C5C756092C7A66A500E7E701 /* UserInfoModelView.swift in Sources */ = {isa = PBXBuildFile; fileRef = C5C756082C7A66A500E7E701 /* UserInfoModelView.swift */; };
		C5D39EB62C86E9230052FC2B /* Alamofire in Frameworks */ = {isa = PBXBuildFile; productRef = C5D39EB52C86E9230052FC2B /* Alamofire */; };
		C5D39EBA2C86EB7D0052FC2B /* Model_Car.swift in Sources */ = {isa = PBXBuildFile; fileRef = C5D39EB92C86EB7D0052FC2B /* Model_Car.swift */; };
		C5D39EBC2C86EC020052FC2B /* Global_Variables.swift in Sources */ = {isa = PBXBuildFile; fileRef = C5D39EBB2C86EC020052FC2B /* Global_Variables.swift */; };
		C5D39EBE2C8731D60052FC2B /* OurShopPage.swift in Sources */ = {isa = PBXBuildFile; fileRef = C5D39EBD2C8731D60052FC2B /* OurShopPage.swift */; };
		C5D39EC02C874D820052FC2B /* ExtensionFile.swift in Sources */ = {isa = PBXBuildFile; fileRef = C5D39EBF2C874D820052FC2B /* ExtensionFile.swift */; };
		C5D39EC22C874E690052FC2B /* SearchTableCell.swift in Sources */ = {isa = PBXBuildFile; fileRef = C5D39EC12C874E690052FC2B /* SearchTableCell.swift */; };
		C5D781092C8584E60099E5F9 /* DetailPage.swift in Sources */ = {isa = PBXBuildFile; fileRef = C5D781082C8584E60099E5F9 /* DetailPage.swift */; };
		C5D7810D2C85F5B40099E5F9 /* CollectionCellOne.swift in Sources */ = {isa = PBXBuildFile; fileRef = C5D7810C2C85F5B40099E5F9 /* CollectionCellOne.swift */; };
		C5E9CD3C2C80F36C00C6139B /* KeychainAccess in Frameworks */ = {isa = PBXBuildFile; productRef = C5E9CD3B2C80F36C00C6139B /* KeychainAccess */; };
		C5E9CD3E2C80FAEF00C6139B /* SigninSSOPage.swift in Sources */ = {isa = PBXBuildFile; fileRef = C5E9CD3D2C80FAEF00C6139B /* SigninSSOPage.swift */; };
		C5E9CD402C81B8C200C6139B /* BuyingPage.swift in Sources */ = {isa = PBXBuildFile; fileRef = C5E9CD3F2C81B8C200C6139B /* BuyingPage.swift */; };
		C5EBE3FD2C844DFE003EAD18 /* AccountPage.swift in Sources */ = {isa = PBXBuildFile; fileRef = C5EBE3FC2C844DFE003EAD18 /* AccountPage.swift */; };
		C5EBE3FF2C844FA3003EAD18 /* SupportPage.swift in Sources */ = {isa = PBXBuildFile; fileRef = C5EBE3FE2C844FA3003EAD18 /* SupportPage.swift */; };
		C5EBE4032C8456DA003EAD18 /* BookingPage.swift in Sources */ = {isa = PBXBuildFile; fileRef = C5EBE4022C8456DA003EAD18 /* BookingPage.swift */; };
		C5EBE4052C845715003EAD18 /* SearchPage.swift in Sources */ = {isa = PBXBuildFile; fileRef = C5EBE4042C845715003EAD18 /* SearchPage.swift */; };
		C5EBE4072C845737003EAD18 /* FavoritePage.swift in Sources */ = {isa = PBXBuildFile; fileRef = C5EBE4062C845737003EAD18 /* FavoritePage.swift */; };
		C5FA7A282C79EA32006CABEF /* AppDelegate.swift in Sources */ = {isa = PBXBuildFile; fileRef = C5FA7A272C79EA32006CABEF /* AppDelegate.swift */; };
		C5FA7A2A2C79EA32006CABEF /* SceneDelegate.swift in Sources */ = {isa = PBXBuildFile; fileRef = C5FA7A292C79EA32006CABEF /* SceneDelegate.swift */; };
		C5FA7A2C2C79EA32006CABEF /* LoginPage.swift in Sources */ = {isa = PBXBuildFile; fileRef = C5FA7A2B2C79EA32006CABEF /* LoginPage.swift */; };
		C5FA7A2F2C79EA32006CABEF /* Base in Resources */ = {isa = PBXBuildFile; fileRef = C5FA7A2E2C79EA32006CABEF /* Base */; };
		C5FA7A312C79EA33006CABEF /* Assets.xcassets in Resources */ = {isa = PBXBuildFile; fileRef = C5FA7A302C79EA33006CABEF /* Assets.xcassets */; };
		C5FA7A342C79EA33006CABEF /* Base in Resources */ = {isa = PBXBuildFile; fileRef = C5FA7A332C79EA33006CABEF /* Base */; };
/* End PBXBuildFile section */

/* Begin PBXFileReference section */
		C538E4A52C862DF700946051 /* CollectionCellTwo.swift */ = {isa = PBXFileReference; lastKnownFileType = sourcecode.swift; path = CollectionCellTwo.swift; sourceTree = "<group>"; };
		C538E4A92C86317300946051 /* CollectionCellThree.swift */ = {isa = PBXFileReference; lastKnownFileType = sourcecode.swift; path = CollectionCellThree.swift; sourceTree = "<group>"; };
		C538E4AC2C8634AB00946051 /* SupportTableCell.swift */ = {isa = PBXFileReference; lastKnownFileType = sourcecode.swift; path = SupportTableCell.swift; sourceTree = "<group>"; };
		C5943EAD2C82EC8100B3E7C8 /* BuyingCellOne.swift */ = {isa = PBXFileReference; lastKnownFileType = sourcecode.swift; path = BuyingCellOne.swift; sourceTree = "<group>"; };
		C5943EAF2C82EC9200B3E7C8 /* BuyingCellTwo.swift */ = {isa = PBXFileReference; lastKnownFileType = sourcecode.swift; path = BuyingCellTwo.swift; sourceTree = "<group>"; };
		C5943EB12C82ECA000B3E7C8 /* BuyingCellThree.swift */ = {isa = PBXFileReference; lastKnownFileType = sourcecode.swift; path = BuyingCellThree.swift; sourceTree = "<group>"; };
		C5C68DFE2C7A0EF300C90154 /* Functions for UI.swift */ = {isa = PBXFileReference; lastKnownFileType = sourcecode.swift; path = "Functions for UI.swift"; sourceTree = "<group>"; };
		C5C756002C7A2A9000E7E701 /* ForgetPasswordPage.swift */ = {isa = PBXFileReference; lastKnownFileType = sourcecode.swift; path = ForgetPasswordPage.swift; sourceTree = "<group>"; };
		C5C756022C7A2AA800E7E701 /* SignupPage.swift */ = {isa = PBXFileReference; lastKnownFileType = sourcecode.swift; path = SignupPage.swift; sourceTree = "<group>"; };
		C5C756062C7A667C00E7E701 /* UserInfoModel.swift */ = {isa = PBXFileReference; lastKnownFileType = sourcecode.swift; path = UserInfoModel.swift; sourceTree = "<group>"; };
		C5C756082C7A66A500E7E701 /* UserInfoModelView.swift */ = {isa = PBXFileReference; lastKnownFileType = sourcecode.swift; path = UserInfoModelView.swift; sourceTree = "<group>"; };
		C5D39EB92C86EB7D0052FC2B /* Model_Car.swift */ = {isa = PBXFileReference; lastKnownFileType = sourcecode.swift; path = Model_Car.swift; sourceTree = "<group>"; };
		C5D39EBB2C86EC020052FC2B /* Global_Variables.swift */ = {isa = PBXFileReference; lastKnownFileType = sourcecode.swift; path = Global_Variables.swift; sourceTree = "<group>"; };
		C5D39EBD2C8731D60052FC2B /* OurShopPage.swift */ = {isa = PBXFileReference; lastKnownFileType = sourcecode.swift; path = OurShopPage.swift; sourceTree = "<group>"; };
		C5D39EBF2C874D820052FC2B /* ExtensionFile.swift */ = {isa = PBXFileReference; lastKnownFileType = sourcecode.swift; path = ExtensionFile.swift; sourceTree = "<group>"; };
		C5D39EC12C874E690052FC2B /* SearchTableCell.swift */ = {isa = PBXFileReference; lastKnownFileType = sourcecode.swift; path = SearchTableCell.swift; sourceTree = "<group>"; };
		C5D781082C8584E60099E5F9 /* DetailPage.swift */ = {isa = PBXFileReference; lastKnownFileType = sourcecode.swift; path = DetailPage.swift; sourceTree = "<group>"; };
		C5D7810C2C85F5B40099E5F9 /* CollectionCellOne.swift */ = {isa = PBXFileReference; lastKnownFileType = sourcecode.swift; path = CollectionCellOne.swift; sourceTree = "<group>"; };
		C5E9CD3D2C80FAEF00C6139B /* SigninSSOPage.swift */ = {isa = PBXFileReference; lastKnownFileType = sourcecode.swift; path = SigninSSOPage.swift; sourceTree = "<group>"; };
		C5E9CD3F2C81B8C200C6139B /* BuyingPage.swift */ = {isa = PBXFileReference; lastKnownFileType = sourcecode.swift; path = BuyingPage.swift; sourceTree = "<group>"; };
		C5EBE3FC2C844DFE003EAD18 /* AccountPage.swift */ = {isa = PBXFileReference; lastKnownFileType = sourcecode.swift; path = AccountPage.swift; sourceTree = "<group>"; };
		C5EBE3FE2C844FA3003EAD18 /* SupportPage.swift */ = {isa = PBXFileReference; lastKnownFileType = sourcecode.swift; path = SupportPage.swift; sourceTree = "<group>"; };
		C5EBE4022C8456DA003EAD18 /* BookingPage.swift */ = {isa = PBXFileReference; lastKnownFileType = sourcecode.swift; path = BookingPage.swift; sourceTree = "<group>"; };
		C5EBE4042C845715003EAD18 /* SearchPage.swift */ = {isa = PBXFileReference; lastKnownFileType = sourcecode.swift; path = SearchPage.swift; sourceTree = "<group>"; };
		C5EBE4062C845737003EAD18 /* FavoritePage.swift */ = {isa = PBXFileReference; lastKnownFileType = sourcecode.swift; path = FavoritePage.swift; sourceTree = "<group>"; };
		C5FA7A242C79EA32006CABEF /* Term Project.app */ = {isa = PBXFileReference; explicitFileType = wrapper.application; includeInIndex = 0; path = "Term Project.app"; sourceTree = BUILT_PRODUCTS_DIR; };
		C5FA7A272C79EA32006CABEF /* AppDelegate.swift */ = {isa = PBXFileReference; lastKnownFileType = sourcecode.swift; path = AppDelegate.swift; sourceTree = "<group>"; };
		C5FA7A292C79EA32006CABEF /* SceneDelegate.swift */ = {isa = PBXFileReference; lastKnownFileType = sourcecode.swift; path = SceneDelegate.swift; sourceTree = "<group>"; };
		C5FA7A2B2C79EA32006CABEF /* LoginPage.swift */ = {isa = PBXFileReference; lastKnownFileType = sourcecode.swift; path = LoginPage.swift; sourceTree = "<group>"; };
		C5FA7A2E2C79EA32006CABEF /* Base */ = {isa = PBXFileReference; lastKnownFileType = file.storyboard; name = Base; path = Base.lproj/Main.storyboard; sourceTree = "<group>"; };
		C5FA7A302C79EA33006CABEF /* Assets.xcassets */ = {isa = PBXFileReference; lastKnownFileType = folder.assetcatalog; path = Assets.xcassets; sourceTree = "<group>"; };
		C5FA7A332C79EA33006CABEF /* Base */ = {isa = PBXFileReference; lastKnownFileType = file.storyboard; name = Base; path = Base.lproj/LaunchScreen.storyboard; sourceTree = "<group>"; };
		C5FA7A352C79EA33006CABEF /* Info.plist */ = {isa = PBXFileReference; lastKnownFileType = text.plist.xml; path = Info.plist; sourceTree = "<group>"; };
/* End PBXFileReference section */

/* Begin PBXFrameworksBuildPhase section */
		C5FA7A212C79EA32006CABEF /* Frameworks */ = {
			isa = PBXFrameworksBuildPhase;
			buildActionMask = 2147483647;
			files = (
				C5E9CD3C2C80F36C00C6139B /* KeychainAccess in Frameworks */,
				C5D39EB62C86E9230052FC2B /* Alamofire in Frameworks */,
			);
			runOnlyForDeploymentPostprocessing = 0;
		};
/* End PBXFrameworksBuildPhase section */

/* Begin PBXGroup section */
		C538E4AB2C86347C00946051 /* SupportTableView */ = {
			isa = PBXGroup;
			children = (
				C538E4AC2C8634AB00946051 /* SupportTableCell.swift */,
			);
			path = SupportTableView;
			sourceTree = "<group>";
		};
		C5943EAC2C82EC5400B3E7C8 /* BuyingTableView */ = {
			isa = PBXGroup;
			children = (
				C5943EAD2C82EC8100B3E7C8 /* BuyingCellOne.swift */,
				C5943EAF2C82EC9200B3E7C8 /* BuyingCellTwo.swift */,
				C5943EB12C82ECA000B3E7C8 /* BuyingCellThree.swift */,
				C5D7810C2C85F5B40099E5F9 /* CollectionCellOne.swift */,
				C538E4A52C862DF700946051 /* CollectionCellTwo.swift */,
				C538E4A92C86317300946051 /* CollectionCellThree.swift */,
			);
			path = BuyingTableView;
			sourceTree = "<group>";
		};
		C5D39EC32C874E7B0052FC2B /* SearchTableView */ = {
			isa = PBXGroup;
			children = (
				C5D39EC12C874E690052FC2B /* SearchTableCell.swift */,
			);
			path = SearchTableView;
			sourceTree = "<group>";
		};
		C5EBE4002C845685003EAD18 /* Login */ = {
			isa = PBXGroup;
			children = (
				C5FA7A2B2C79EA32006CABEF /* LoginPage.swift */,
				C5E9CD3D2C80FAEF00C6139B /* SigninSSOPage.swift */,
				C5C756002C7A2A9000E7E701 /* ForgetPasswordPage.swift */,
				C5C756022C7A2AA800E7E701 /* SignupPage.swift */,
			);
			path = Login;
			sourceTree = "<group>";
		};
		C5EBE4012C8456AA003EAD18 /* Main */ = {
			isa = PBXGroup;
			children = (
				C5E9CD3F2C81B8C200C6139B /* BuyingPage.swift */,
				C5943EAC2C82EC5400B3E7C8 /* BuyingTableView */,
				C5EBE4022C8456DA003EAD18 /* BookingPage.swift */,
				C5EBE4042C845715003EAD18 /* SearchPage.swift */,
				C5D39EC32C874E7B0052FC2B /* SearchTableView */,
				C5EBE4062C845737003EAD18 /* FavoritePage.swift */,
				C5EBE3FE2C844FA3003EAD18 /* SupportPage.swift */,
				C538E4AB2C86347C00946051 /* SupportTableView */,
				C5EBE3FC2C844DFE003EAD18 /* AccountPage.swift */,
				C5D39EBD2C8731D60052FC2B /* OurShopPage.swift */,
			);
			path = Main;
			sourceTree = "<group>";
		};
		C5FA7A1B2C79EA32006CABEF = {
			isa = PBXGroup;
			children = (
				C5FA7A262C79EA32006CABEF /* Term Project */,
				C5FA7A252C79EA32006CABEF /* Products */,
			);
			sourceTree = "<group>";
		};
		C5FA7A252C79EA32006CABEF /* Products */ = {
			isa = PBXGroup;
			children = (
				C5FA7A242C79EA32006CABEF /* Term Project.app */,
			);
			name = Products;
			sourceTree = "<group>";
		};
		C5FA7A262C79EA32006CABEF /* Term Project */ = {
			isa = PBXGroup;
			children = (
				C5FA7A272C79EA32006CABEF /* AppDelegate.swift */,
				C5FA7A292C79EA32006CABEF /* SceneDelegate.swift */,
				C5EBE4002C845685003EAD18 /* Login */,
				C5EBE4012C8456AA003EAD18 /* Main */,
				C5FA7A2D2C79EA32006CABEF /* Main.storyboard */,
				C5C68DFE2C7A0EF300C90154 /* Functions for UI.swift */,
				C5FA7A302C79EA33006CABEF /* Assets.xcassets */,
				C5FA7A322C79EA33006CABEF /* LaunchScreen.storyboard */,
				C5FA7A352C79EA33006CABEF /* Info.plist */,
				C5C756062C7A667C00E7E701 /* UserInfoModel.swift */,
				C5C756082C7A66A500E7E701 /* UserInfoModelView.swift */,
				C5D781082C8584E60099E5F9 /* DetailPage.swift */,
				C5D39EB92C86EB7D0052FC2B /* Model_Car.swift */,
				C5D39EBB2C86EC020052FC2B /* Global_Variables.swift */,
				C5D39EBF2C874D820052FC2B /* ExtensionFile.swift */,
			);
			path = "Term Project";
			sourceTree = "<group>";
		};
/* End PBXGroup section */

/* Begin PBXNativeTarget section */
		C5FA7A232C79EA32006CABEF /* Term Project */ = {
			isa = PBXNativeTarget;
			buildConfigurationList = C5FA7A382C79EA33006CABEF /* Build configuration list for PBXNativeTarget "Term Project" */;
			buildPhases = (
				C5FA7A202C79EA32006CABEF /* Sources */,
				C5FA7A212C79EA32006CABEF /* Frameworks */,
				C5FA7A222C79EA32006CABEF /* Resources */,
			);
			buildRules = (
			);
			dependencies = (
			);
			name = "Term Project";
			packageProductDependencies = (
				C5E9CD3B2C80F36C00C6139B /* KeychainAccess */,
				C5D39EB52C86E9230052FC2B /* Alamofire */,
			);
			productName = "Term Project";
			productReference = C5FA7A242C79EA32006CABEF /* Term Project.app */;
			productType = "com.apple.product-type.application";
		};
/* End PBXNativeTarget section */

/* Begin PBXProject section */
		C5FA7A1C2C79EA32006CABEF /* Project object */ = {
			isa = PBXProject;
			attributes = {
				BuildIndependentTargetsInParallel = 1;
				LastSwiftUpdateCheck = 1540;
				LastUpgradeCheck = 1540;
				TargetAttributes = {
					C5FA7A232C79EA32006CABEF = {
						CreatedOnToolsVersion = 15.4;
					};
				};
			};
			buildConfigurationList = C5FA7A1F2C79EA32006CABEF /* Build configuration list for PBXProject "Term Project" */;
			compatibilityVersion = "Xcode 14.0";
			developmentRegion = en;
			hasScannedForEncodings = 0;
			knownRegions = (
				en,
				Base,
			);
			mainGroup = C5FA7A1B2C79EA32006CABEF;
			packageReferences = (
				C5E9CD3A2C80F36C00C6139B /* XCRemoteSwiftPackageReference "KeychainAccess" */,
				C5D39EB42C86E9230052FC2B /* XCRemoteSwiftPackageReference "Alamofire" */,
			);
			productRefGroup = C5FA7A252C79EA32006CABEF /* Products */;
			projectDirPath = "";
			projectRoot = "";
			targets = (
				C5FA7A232C79EA32006CABEF /* Term Project */,
			);
		};
/* End PBXProject section */

/* Begin PBXResourcesBuildPhase section */
		C5FA7A222C79EA32006CABEF /* Resources */ = {
			isa = PBXResourcesBuildPhase;
			buildActionMask = 2147483647;
			files = (
				C5FA7A312C79EA33006CABEF /* Assets.xcassets in Resources */,
				C5FA7A342C79EA33006CABEF /* Base in Resources */,
				C5FA7A2F2C79EA32006CABEF /* Base in Resources */,
			);
			runOnlyForDeploymentPostprocessing = 0;
		};
/* End PBXResourcesBuildPhase section */

/* Begin PBXSourcesBuildPhase section */
		C5FA7A202C79EA32006CABEF /* Sources */ = {
			isa = PBXSourcesBuildPhase;
			buildActionMask = 2147483647;
			files = (
				C5FA7A2C2C79EA32006CABEF /* LoginPage.swift in Sources */,
				C5FA7A282C79EA32006CABEF /* AppDelegate.swift in Sources */,
				C5EBE4032C8456DA003EAD18 /* BookingPage.swift in Sources */,
				C5EBE3FD2C844DFE003EAD18 /* AccountPage.swift in Sources */,
				C5EBE4072C845737003EAD18 /* FavoritePage.swift in Sources */,
				C5C756072C7A667C00E7E701 /* UserInfoModel.swift in Sources */,
				C5D781092C8584E60099E5F9 /* DetailPage.swift in Sources */,
				C5943EB22C82ECA000B3E7C8 /* BuyingCellThree.swift in Sources */,
				C5D39EBA2C86EB7D0052FC2B /* Model_Car.swift in Sources */,
				C538E4AA2C86317300946051 /* CollectionCellThree.swift in Sources */,
				C5D39EC22C874E690052FC2B /* SearchTableCell.swift in Sources */,
				C5EBE3FF2C844FA3003EAD18 /* SupportPage.swift in Sources */,
				C5C756032C7A2AA800E7E701 /* SignupPage.swift in Sources */,
				C5D39EC02C874D820052FC2B /* ExtensionFile.swift in Sources */,
				C5E9CD3E2C80FAEF00C6139B /* SigninSSOPage.swift in Sources */,
				C5FA7A2A2C79EA32006CABEF /* SceneDelegate.swift in Sources */,
				C5D7810D2C85F5B40099E5F9 /* CollectionCellOne.swift in Sources */,
				C5943EB02C82EC9200B3E7C8 /* BuyingCellTwo.swift in Sources */,
				C5EBE4052C845715003EAD18 /* SearchPage.swift in Sources */,
				C5E9CD402C81B8C200C6139B /* BuyingPage.swift in Sources */,
				C538E4AD2C8634AB00946051 /* SupportTableCell.swift in Sources */,
				C538E4A62C862DF700946051 /* CollectionCellTwo.swift in Sources */,
				C5C756092C7A66A500E7E701 /* UserInfoModelView.swift in Sources */,
				C5C756012C7A2A9000E7E701 /* ForgetPasswordPage.swift in Sources */,
				C5943EAE2C82EC8100B3E7C8 /* BuyingCellOne.swift in Sources */,
				C5C68DFF2C7A0EF300C90154 /* Functions for UI.swift in Sources */,
				C5D39EBC2C86EC020052FC2B /* Global_Variables.swift in Sources */,
				C5D39EBE2C8731D60052FC2B /* OurShopPage.swift in Sources */,
			);
			runOnlyForDeploymentPostprocessing = 0;
		};
/* End PBXSourcesBuildPhase section */

/* Begin PBXVariantGroup section */
		C5FA7A2D2C79EA32006CABEF /* Main.storyboard */ = {
			isa = PBXVariantGroup;
			children = (
				C5FA7A2E2C79EA32006CABEF /* Base */,
			);
			name = Main.storyboard;
			sourceTree = "<group>";
		};
		C5FA7A322C79EA33006CABEF /* LaunchScreen.storyboard */ = {
			isa = PBXVariantGroup;
			children = (
				C5FA7A332C79EA33006CABEF /* Base */,
			);
			name = LaunchScreen.storyboard;
			sourceTree = "<group>";
		};
/* End PBXVariantGroup section */

/* Begin XCBuildConfiguration section */
		C5FA7A362C79EA33006CABEF /* Debug */ = {
			isa = XCBuildConfiguration;
			buildSettings = {
				ALWAYS_SEARCH_USER_PATHS = NO;
				ASSETCATALOG_COMPILER_GENERATE_SWIFT_ASSET_SYMBOL_EXTENSIONS = YES;
				CLANG_ANALYZER_NONNULL = YES;
				CLANG_ANALYZER_NUMBER_OBJECT_CONVERSION = YES_AGGRESSIVE;
				CLANG_CXX_LANGUAGE_STANDARD = "gnu++20";
				CLANG_ENABLE_MODULES = YES;
				CLANG_ENABLE_OBJC_ARC = YES;
				CLANG_ENABLE_OBJC_WEAK = YES;
				CLANG_WARN_BLOCK_CAPTURE_AUTORELEASING = YES;
				CLANG_WARN_BOOL_CONVERSION = YES;
				CLANG_WARN_COMMA = YES;
				CLANG_WARN_CONSTANT_CONVERSION = YES;
				CLANG_WARN_DEPRECATED_OBJC_IMPLEMENTATIONS = YES;
				CLANG_WARN_DIRECT_OBJC_ISA_USAGE = YES_ERROR;
				CLANG_WARN_DOCUMENTATION_COMMENTS = YES;
				CLANG_WARN_EMPTY_BODY = YES;
				CLANG_WARN_ENUM_CONVERSION = YES;
				CLANG_WARN_INFINITE_RECURSION = YES;
				CLANG_WARN_INT_CONVERSION = YES;
				CLANG_WARN_NON_LITERAL_NULL_CONVERSION = YES;
				CLANG_WARN_OBJC_IMPLICIT_RETAIN_SELF = YES;
				CLANG_WARN_OBJC_LITERAL_CONVERSION = YES;
				CLANG_WARN_OBJC_ROOT_CLASS = YES_ERROR;
				CLANG_WARN_QUOTED_INCLUDE_IN_FRAMEWORK_HEADER = YES;
				CLANG_WARN_RANGE_LOOP_ANALYSIS = YES;
				CLANG_WARN_STRICT_PROTOTYPES = YES;
				CLANG_WARN_SUSPICIOUS_MOVE = YES;
				CLANG_WARN_UNGUARDED_AVAILABILITY = YES_AGGRESSIVE;
				CLANG_WARN_UNREACHABLE_CODE = YES;
				CLANG_WARN__DUPLICATE_METHOD_MATCH = YES;
				COPY_PHASE_STRIP = NO;
				DEBUG_INFORMATION_FORMAT = dwarf;
				ENABLE_STRICT_OBJC_MSGSEND = YES;
				ENABLE_TESTABILITY = YES;
				ENABLE_USER_SCRIPT_SANDBOXING = YES;
				GCC_C_LANGUAGE_STANDARD = gnu17;
				GCC_DYNAMIC_NO_PIC = NO;
				GCC_NO_COMMON_BLOCKS = YES;
				GCC_OPTIMIZATION_LEVEL = 0;
				GCC_PREPROCESSOR_DEFINITIONS = (
					"DEBUG=1",
					"$(inherited)",
				);
				GCC_WARN_64_TO_32_BIT_CONVERSION = YES;
				GCC_WARN_ABOUT_RETURN_TYPE = YES_ERROR;
				GCC_WARN_UNDECLARED_SELECTOR = YES;
				GCC_WARN_UNINITIALIZED_AUTOS = YES_AGGRESSIVE;
				GCC_WARN_UNUSED_FUNCTION = YES;
				GCC_WARN_UNUSED_VARIABLE = YES;
				IPHONEOS_DEPLOYMENT_TARGET = 17.5;
				LOCALIZATION_PREFERS_STRING_CATALOGS = YES;
				MTL_ENABLE_DEBUG_INFO = INCLUDE_SOURCE;
				MTL_FAST_MATH = YES;
				ONLY_ACTIVE_ARCH = YES;
				SDKROOT = iphoneos;
				SWIFT_ACTIVE_COMPILATION_CONDITIONS = "DEBUG $(inherited)";
				SWIFT_OPTIMIZATION_LEVEL = "-Onone";
			};
			name = Debug;
		};
		C5FA7A372C79EA33006CABEF /* Release */ = {
			isa = XCBuildConfiguration;
			buildSettings = {
				ALWAYS_SEARCH_USER_PATHS = NO;
				ASSETCATALOG_COMPILER_GENERATE_SWIFT_ASSET_SYMBOL_EXTENSIONS = YES;
				CLANG_ANALYZER_NONNULL = YES;
				CLANG_ANALYZER_NUMBER_OBJECT_CONVERSION = YES_AGGRESSIVE;
				CLANG_CXX_LANGUAGE_STANDARD = "gnu++20";
				CLANG_ENABLE_MODULES = YES;
				CLANG_ENABLE_OBJC_ARC = YES;
				CLANG_ENABLE_OBJC_WEAK = YES;
				CLANG_WARN_BLOCK_CAPTURE_AUTORELEASING = YES;
				CLANG_WARN_BOOL_CONVERSION = YES;
				CLANG_WARN_COMMA = YES;
				CLANG_WARN_CONSTANT_CONVERSION = YES;
				CLANG_WARN_DEPRECATED_OBJC_IMPLEMENTATIONS = YES;
				CLANG_WARN_DIRECT_OBJC_ISA_USAGE = YES_ERROR;
				CLANG_WARN_DOCUMENTATION_COMMENTS = YES;
				CLANG_WARN_EMPTY_BODY = YES;
				CLANG_WARN_ENUM_CONVERSION = YES;
				CLANG_WARN_INFINITE_RECURSION = YES;
				CLANG_WARN_INT_CONVERSION = YES;
				CLANG_WARN_NON_LITERAL_NULL_CONVERSION = YES;
				CLANG_WARN_OBJC_IMPLICIT_RETAIN_SELF = YES;
				CLANG_WARN_OBJC_LITERAL_CONVERSION = YES;
				CLANG_WARN_OBJC_ROOT_CLASS = YES_ERROR;
				CLANG_WARN_QUOTED_INCLUDE_IN_FRAMEWORK_HEADER = YES;
				CLANG_WARN_RANGE_LOOP_ANALYSIS = YES;
				CLANG_WARN_STRICT_PROTOTYPES = YES;
				CLANG_WARN_SUSPICIOUS_MOVE = YES;
				CLANG_WARN_UNGUARDED_AVAILABILITY = YES_AGGRESSIVE;
				CLANG_WARN_UNREACHABLE_CODE = YES;
				CLANG_WARN__DUPLICATE_METHOD_MATCH = YES;
				COPY_PHASE_STRIP = NO;
				DEBUG_INFORMATION_FORMAT = "dwarf-with-dsym";
				ENABLE_NS_ASSERTIONS = NO;
				ENABLE_STRICT_OBJC_MSGSEND = YES;
				ENABLE_USER_SCRIPT_SANDBOXING = YES;
				GCC_C_LANGUAGE_STANDARD = gnu17;
				GCC_NO_COMMON_BLOCKS = YES;
				GCC_WARN_64_TO_32_BIT_CONVERSION = YES;
				GCC_WARN_ABOUT_RETURN_TYPE = YES_ERROR;
				GCC_WARN_UNDECLARED_SELECTOR = YES;
				GCC_WARN_UNINITIALIZED_AUTOS = YES_AGGRESSIVE;
				GCC_WARN_UNUSED_FUNCTION = YES;
				GCC_WARN_UNUSED_VARIABLE = YES;
				IPHONEOS_DEPLOYMENT_TARGET = 17.5;
				LOCALIZATION_PREFERS_STRING_CATALOGS = YES;
				MTL_ENABLE_DEBUG_INFO = NO;
				MTL_FAST_MATH = YES;
				SDKROOT = iphoneos;
				SWIFT_COMPILATION_MODE = wholemodule;
				VALIDATE_PRODUCT = YES;
			};
			name = Release;
		};
		C5FA7A392C79EA33006CABEF /* Debug */ = {
			isa = XCBuildConfiguration;
			buildSettings = {
				ASSETCATALOG_COMPILER_APPICON_NAME = AppIcon;
				ASSETCATALOG_COMPILER_GLOBAL_ACCENT_COLOR_NAME = AccentColor;
				CODE_SIGN_STYLE = Automatic;
				CURRENT_PROJECT_VERSION = 1;
				DEVELOPMENT_TEAM = 7VPG2W6HDB;
				GENERATE_INFOPLIST_FILE = YES;
				INFOPLIST_FILE = "Term Project/Info.plist";
				INFOPLIST_KEY_UIApplicationSupportsIndirectInputEvents = YES;
				INFOPLIST_KEY_UILaunchStoryboardName = LaunchScreen;
				INFOPLIST_KEY_UIMainStoryboardFile = Main;
				INFOPLIST_KEY_UISupportedInterfaceOrientations_iPad = "UIInterfaceOrientationPortrait UIInterfaceOrientationPortraitUpsideDown UIInterfaceOrientationLandscapeLeft UIInterfaceOrientationLandscapeRight";
				INFOPLIST_KEY_UISupportedInterfaceOrientations_iPhone = "UIInterfaceOrientationPortrait UIInterfaceOrientationLandscapeLeft UIInterfaceOrientationLandscapeRight";
				LD_RUNPATH_SEARCH_PATHS = (
					"$(inherited)",
					"@executable_path/Frameworks",
				);
				MARKETING_VERSION = 1.0;
				PRODUCT_BUNDLE_IDENTIFIER = "-612054.Term-Project";
				PRODUCT_NAME = "$(TARGET_NAME)";
				SWIFT_EMIT_LOC_STRINGS = YES;
				SWIFT_VERSION = 5.0;
				TARGETED_DEVICE_FAMILY = "1,2";
			};
			name = Debug;
		};
		C5FA7A3A2C79EA33006CABEF /* Release */ = {
			isa = XCBuildConfiguration;
			buildSettings = {
				ASSETCATALOG_COMPILER_APPICON_NAME = AppIcon;
				ASSETCATALOG_COMPILER_GLOBAL_ACCENT_COLOR_NAME = AccentColor;
				CODE_SIGN_STYLE = Automatic;
				CURRENT_PROJECT_VERSION = 1;
				DEVELOPMENT_TEAM = 7VPG2W6HDB;
				GENERATE_INFOPLIST_FILE = YES;
				INFOPLIST_FILE = "Term Project/Info.plist";
				INFOPLIST_KEY_UIApplicationSupportsIndirectInputEvents = YES;
				INFOPLIST_KEY_UILaunchStoryboardName = LaunchScreen;
				INFOPLIST_KEY_UIMainStoryboardFile = Main;
				INFOPLIST_KEY_UISupportedInterfaceOrientations_iPad = "UIInterfaceOrientationPortrait UIInterfaceOrientationPortraitUpsideDown UIInterfaceOrientationLandscapeLeft UIInterfaceOrientationLandscapeRight";
				INFOPLIST_KEY_UISupportedInterfaceOrientations_iPhone = "UIInterfaceOrientationPortrait UIInterfaceOrientationLandscapeLeft UIInterfaceOrientationLandscapeRight";
				LD_RUNPATH_SEARCH_PATHS = (
					"$(inherited)",
					"@executable_path/Frameworks",
				);
				MARKETING_VERSION = 1.0;
				PRODUCT_BUNDLE_IDENTIFIER = "-612054.Term-Project";
				PRODUCT_NAME = "$(TARGET_NAME)";
				SWIFT_EMIT_LOC_STRINGS = YES;
				SWIFT_VERSION = 5.0;
				TARGETED_DEVICE_FAMILY = "1,2";
			};
			name = Release;
		};
/* End XCBuildConfiguration section */

/* Begin XCConfigurationList section */
		C5FA7A1F2C79EA32006CABEF /* Build configuration list for PBXProject "Term Project" */ = {
			isa = XCConfigurationList;
			buildConfigurations = (
				C5FA7A362C79EA33006CABEF /* Debug */,
				C5FA7A372C79EA33006CABEF /* Release */,
			);
			defaultConfigurationIsVisible = 0;
			defaultConfigurationName = Release;
		};
		C5FA7A382C79EA33006CABEF /* Build configuration list for PBXNativeTarget "Term Project" */ = {
			isa = XCConfigurationList;
			buildConfigurations = (
				C5FA7A392C79EA33006CABEF /* Debug */,
				C5FA7A3A2C79EA33006CABEF /* Release */,
			);
			defaultConfigurationIsVisible = 0;
			defaultConfigurationName = Release;
		};
/* End XCConfigurationList section */

/* Begin XCRemoteSwiftPackageReference section */
		C5D39EB42C86E9230052FC2B /* XCRemoteSwiftPackageReference "Alamofire" */ = {
			isa = XCRemoteSwiftPackageReference;
			repositoryURL = "https://github.com/Alamofire/Alamofire.git";
			requirement = {
				kind = upToNextMajorVersion;
				minimumVersion = 5.9.1;
			};
		};
		C5E9CD3A2C80F36C00C6139B /* XCRemoteSwiftPackageReference "KeychainAccess" */ = {
			isa = XCRemoteSwiftPackageReference;
			repositoryURL = "https://github.com/kishikawakatsumi/KeychainAccess.git";
			requirement = {
				branch = master;
				kind = branch;
			};
		};
/* End XCRemoteSwiftPackageReference section */

/* Begin XCSwiftPackageProductDependency section */
		C5D39EB52C86E9230052FC2B /* Alamofire */ = {
			isa = XCSwiftPackageProductDependency;
			package = C5D39EB42C86E9230052FC2B /* XCRemoteSwiftPackageReference "Alamofire" */;
			productName = Alamofire;
		};
		C5E9CD3B2C80F36C00C6139B /* KeychainAccess */ = {
			isa = XCSwiftPackageProductDependency;
			package = C5E9CD3A2C80F36C00C6139B /* XCRemoteSwiftPackageReference "KeychainAccess" */;
			productName = KeychainAccess;
		};
/* End XCSwiftPackageProductDependency section */
	};
	rootObject = C5FA7A1C2C79EA32006CABEF /* Project object */;
}
